
Microsoft Visual Studio Solution File, Format Version 12.00
Project("{FAE04EC0-301F-11D3-BF4B-00C04F79EFBC}") = "TimeStampWorkerService", "TimeStampWorkerService\TimeStampWorkerService.csproj", "{B07460CE-2D26-450A-B5BC-ABD3E98E74F2}"
EndProject
Project("{FAE04EC0-301F-11D3-BF4B-00C04F79EFBC}") = "TimeStampWorkerService.Test", "TimeStampWorkerService.Test\TimeStampWorkerService.Test.csproj", "{453289F4-B4BD-497F-BA9F-BE90EEA91923}"
EndProject
Global
	GlobalSection(SolutionConfigurationPlatforms) = preSolution
		Debug|Any CPU = Debug|Any CPU
		Release|Any CPU = Release|Any CPU
	EndGlobalSection
	GlobalSection(ProjectConfigurationPlatforms) = postSolution
		{B07460CE-2D26-450A-B5BC-ABD3E98E74F2}.Debug|Any CPU.ActiveCfg = Debug|Any CPU
		{B07460CE-2D26-450A-B5BC-ABD3E98E74F2}.Debug|Any CPU.Build.0 = Debug|Any CPU
		{B07460CE-2D26-450A-B5BC-ABD3E98E74F2}.Release|Any CPU.ActiveCfg = Release|Any CPU
		{B07460CE-2D26-450A-B5BC-ABD3E98E74F2}.Release|Any CPU.Build.0 = Release|Any CPU
		{453289F4-B4BD-497F-BA9F-BE90EEA91923}.Debug|Any CPU.ActiveCfg = Debug|Any CPU
		{453289F4-B4BD-497F-BA9F-BE90EEA91923}.Debug|Any CPU.Build.0 = Debug|Any CPU
		{453289F4-B4BD-497F-BA9F-BE90EEA91923}.Release|Any CPU.ActiveCfg = Release|Any CPU
		{453289F4-B4BD-497F-BA9F-BE90EEA91923}.Release|Any CPU.Build.0 = Release|Any CPU
	EndGlobalSection
EndGlobal
